
Microsoft Visual Studio Solution File, Format Version 12.00
# Visual Studio Version 16
VisualStudioVersion = 16.0.30320.27
MinimumVisualStudioVersion = 10.0.40219.1
Project("{9A19103F-16F7-4668-BE54-9A1E7A4F7556}") = "Rogue2", "Rogue2\Rogue2.csproj", "{94DB473D-DC81-4625-B06D-7C2409D4EC2E}"
EndProject
Global
	GlobalSection(SolutionConfigurationPlatforms) = preSolution
		Debug|Any CPU = Debug|Any CPU
		Release|Any CPU = Release|Any CPU
	EndGlobalSection
	GlobalSection(ProjectConfigurationPlatforms) = postSolution
		{94DB473D-DC81-4625-B06D-7C2409D4EC2E}.Debug|Any CPU.ActiveCfg = Debug|Any CPU
		{94DB473D-DC81-4625-B06D-7C2409D4EC2E}.Debug|Any CPU.Build.0 = Debug|Any CPU
		{94DB473D-DC81-4625-B06D-7C2409D4EC2E}.Release|Any CPU.ActiveCfg = Release|Any CPU
		{94DB473D-DC81-4625-B06D-7C2409D4EC2E}.Release|Any CPU.Build.0 = Release|Any CPU
	EndGlobalSection
	GlobalSection(SolutionProperties) = preSolution
		HideSolutionNode = FALSE
	EndGlobalSection
	GlobalSection(ExtensibilityGlobals) = postSolution
		SolutionGuid = {D19794F5-1EDC-4C01-9707-9D8476DC3A2E}
	EndGlobalSection
EndGlobal
